
Microsoft Visual Studio Solution File, Format Version 12.00
# Visual Studio Version 17
VisualStudioVersion = 17.9.34728.123
MinimumVisualStudioVersion = 10.0.40219.1
Project("{FAE04EC0-301F-11D3-BF4B-00C04F79EFBC}") = "Labb4Razor", "Labb4Razor\Labb4Razor.csproj", "{0763BB1F-DD93-4354-A257-BA1FF612D0CD}"
EndProject
Global
	GlobalSection(SolutionConfigurationPlatforms) = preSolution
		Debug|Any CPU = Debug|Any CPU
		Release|Any CPU = Release|Any CPU
	EndGlobalSection
	GlobalSection(ProjectConfigurationPlatforms) = postSolution
		{0763BB1F-DD93-4354-A257-BA1FF612D0CD}.Debug|Any CPU.ActiveCfg = Debug|Any CPU
		{0763BB1F-DD93-4354-A257-BA1FF612D0CD}.Debug|Any CPU.Build.0 = Debug|Any CPU
		{0763BB1F-DD93-4354-A257-BA1FF612D0CD}.Release|Any CPU.ActiveCfg = Release|Any CPU
		{0763BB1F-DD93-4354-A257-BA1FF612D0CD}.Release|Any CPU.Build.0 = Release|Any CPU
	EndGlobalSection
	GlobalSection(SolutionProperties) = preSolution
		HideSolutionNode = FALSE
	EndGlobalSection
	GlobalSection(ExtensibilityGlobals) = postSolution
		SolutionGuid = {8C097DA4-23F0-484B-8BC3-A96E2A2FD59F}
	EndGlobalSection
EndGlobal
